
Microsoft Visual Studio Solution File, Format Version 12.00
# Visual Studio 15
Project("{FAE04EC0-301F-11D3-BF4B-00C04F79EFBC}") = "Assembly-CSharp", "Assembly-CSharp.csproj", "{F40CF5E9-75B2-3E61-9733-3F3AED8D5B75}"
EndProject
Project("{FAE04EC0-301F-11D3-BF4B-00C04F79EFBC}") = "Assembly-CSharp-Editor", "Assembly-CSharp-Editor.csproj", "{DD6BAA05-A16A-8A08-59C8-704BBA1E3ECC}"
EndProject
Global
	GlobalSection(SolutionConfigurationPlatforms) = preSolution
		Debug|Any CPU = Debug|Any CPU
		Release|Any CPU = Release|Any CPU
	EndGlobalSection
	GlobalSection(ProjectConfigurationPlatforms) = postSolution
		{F40CF5E9-75B2-3E61-9733-3F3AED8D5B75}.Debug|Any CPU.ActiveCfg = Debug|Any CPU
		{F40CF5E9-75B2-3E61-9733-3F3AED8D5B75}.Debug|Any CPU.Build.0 = Debug|Any CPU
		{F40CF5E9-75B2-3E61-9733-3F3AED8D5B75}.Release|Any CPU.ActiveCfg = Release|Any CPU
		{F40CF5E9-75B2-3E61-9733-3F3AED8D5B75}.Release|Any CPU.Build.0 = Release|Any CPU
		{DD6BAA05-A16A-8A08-59C8-704BBA1E3ECC}.Debug|Any CPU.ActiveCfg = Debug|Any CPU
		{DD6BAA05-A16A-8A08-59C8-704BBA1E3ECC}.Debug|Any CPU.Build.0 = Debug|Any CPU
		{DD6BAA05-A16A-8A08-59C8-704BBA1E3ECC}.Release|Any CPU.ActiveCfg = Release|Any CPU
		{DD6BAA05-A16A-8A08-59C8-704BBA1E3ECC}.Release|Any CPU.Build.0 = Release|Any CPU
	EndGlobalSection
	GlobalSection(SolutionProperties) = preSolution
		HideSolutionNode = FALSE
	EndGlobalSection
EndGlobal
